{
  "version": "5",
  "specifiers": {
    "npm:@supabase/supabase-js@2": "2.117.3",
    "npm:@toon-format/toon@4.4.0": "4.4.0"
  },
  "npm": {
    "@supabase/auth-js@2.117.3": {
      "integrity": "sha512-XOZV+jllcU2Hzij8SwgM78zl0lOEr6BTjzi2MYkBb39nOAQzb5AelGpMUvVj7lwGSB11JmpAs/FEQroAyFzWEA==",
      "dependencies": [
        "tslib"
      ]
    },
    "@supabase/functions-js@2.117.3": {
      "integrity": "sha512-6GuizbP4N5xWaxEVUsI+UQpJdmMmn0t3sYNpObo9gCAldvM22gFjnYzRVmkHxp5ylU21azEYmiWVwk9iDgCMkQ==",
      "dependencies": [
        "tslib"
      ]
    },
    "@supabase/phoenix@0.4.5": {
      "integrity": "sha512-aAn9H9ovVyeApKy11OWOrrOGq8DV68yWeH4ud2lN9fzn4aO8Zb5GLL9m1pUg9nLqIcT+ZDfAcsZe0E/nqdv2lw=="
    },
    "@supabase/postgrest-js@2.117.3": {
      "integrity": "sha512-NpyTgullu6tw11ojYKTdZg9HannZ4mu4FUlhc9V5zDXOVllUJzEmuyLM+WWoYF0BurfrRvarimpm3SR8P0Gzfw==",
      "dependencies": [
        "tslib"
      ]
    },
    "@supabase/realtime-js@2.117.3": {
      "integrity": "sha512-4W4ISbreRygNXbhwqxeqyuRul8RPx+SF+Hp2IT8wctebQEHSVCULfKatiRiEhmasfoXvYm2AHV4XFsOxhoousA==",
      "dependencies": [
        "@supabase/phoenix",
        "tslib"
      ]
    },
    "@supabase/storage-js@2.117.3": {
      "integrity": "sha512-QhUxFC33Crlw6WDeA4hLADdi1PzjI3c4UJs7ivWHHEnU7ulmCWEZSDaRCuIfmsjUwbHYaIfRNFQNsm+IsGYS6w==",
      "dependencies": [
        "iceberg-js",
        "tslib"
      ]
    },
    "@supabase/supabase-js@2.117.3": {
      "integrity": "sha512-K+f8PimXDunPWQ63CKRXaF5pbVPJxmfw5ryAnh0s9S9PkwcuqBjiSpIaqpF7KLDljeYwXIL85ST8QxaO0+XuvA==",
      "dependencies": [
        "@supabase/auth-js",
        "@supabase/functions-js",
        "@supabase/postgrest-js",
        "@supabase/realtime-js",
        "@supabase/storage-js"
      ]
    },
    "@toon-format/toon@4.4.0": {
      "integrity": "sha512-A6UcsVoWbNdhdLNhJbe6JpRlocmf/DZGG57fur3bd8oQtsjBaKWo2hHbOU2zTuy+byUmLIOyP1xJeitopCZzpQ=="
    },
    "iceberg-js@0.8.1": {
      "integrity": "sha512-1dhVQZXhcHje7798IVM+xoo/1ZdVfzOMIc8/rgVSijRK38EDqOJoGula9N/8ZI5RD8QTxNQtK/Gozpr+qUqRRA=="
    },
    "tslib@2.8.1": {
      "integrity": "sha512-oJFu94HQb+KVduSUQL7wnpmqnfmLsOA/nAh6b6EH0wCEoK0/mPeXU6c3wKDV83MkOuHPRHtSXKKU99IBazS/2w=="
    }
  },
  "workspace": {
    "packageJson": {
      "dependencies": [
        "npm:@dnd-kit/core@^6.3.1",
        "npm:@dnd-kit/sortable@10",
        "npm:@dnd-kit/utilities@^3.2.2",
        "npm:@fontsource-variable/manrope@^5.3.0",
        "npm:@fontsource-variable/sora@^5.3.0",
        "npm:@hookform/resolvers@^5.2.2",
        "npm:@supabase/ssr@~0.12.7",
        "npm:@supabase/supabase-js@^2.116.0",
        "npm:@tailwindcss/postcss@^4.3.3",
        "npm:@types/node@^24.12.0",
        "npm:@types/qrcode@^1.5.6",
        "npm:@types/react-dom@^19.2.3",
        "npm:@types/react@^19.2.14",
        "npm:class-variance-authority@~0.7.1",
        "npm:clsx@^2.1.1",
        "npm:cmdk@^1.1.1",
        "npm:date-fns@^4.1.0",
        "npm:embla-carousel-react@^8.6.0",
        "npm:framer-motion@^13.3.0",
        "npm:input-otp@^1.4.2",
        "npm:lucide-react@^1.6.0",
        "npm:next-themes@~0.4.6",
        "npm:next@^16.3.5",
        "npm:qrcode@^1.5.4",
        "npm:radix-ui@^1.4.3",
        "npm:react-day-picker@^9.14.0",
        "npm:react-dom@^19.2.4",
        "npm:react-hook-form@^7.72.0",
        "npm:react-resizable-panels@^4.7.6",
        "npm:react@^19.2.4",
        "npm:recharts@^3.8.0",
        "npm:sonner@^2.0.7",
        "npm:tailwind-merge@^3.5.0",
        "npm:tailwindcss@^4.2.1",
        "npm:tw-animate-css@^1.4.0",
        "npm:typescript@~5.9.3",
        "npm:vaul@^1.1.2",
        "npm:zod@^4.3.6"
      ]
    }
  }
}
